
Microsoft Visual Studio Solution File, Format Version 12.00
Project("{FAE04EC0-301F-11D3-BF4B-00C04F79EFBC}") = "DomainLayer", "src\DomainLayer\DomainLayer.csproj", "{A519712F-E677-41EA-A981-C014BA41761A}"
EndProject
Project("{FAE04EC0-301F-11D3-BF4B-00C04F79EFBC}") = "InfrastructureLayer", "src\InfrastructureLayer\InfrastructureLayer.csproj", "{DDDAC8DD-B344-4BD6-AE30-FB0C4AC0CB95}"
EndProject
Project("{FAE04EC0-301F-11D3-BF4B-00C04F79EFBC}") = "PasswordManager", "src\PasswordManager\PasswordManager.csproj", "{F9CEC19D-3852-43AB-85CE-C33742CA6718}"
EndProject
Global
	GlobalSection(SolutionConfigurationPlatforms) = preSolution
		Debug|Any CPU = Debug|Any CPU
		Release|Any CPU = Release|Any CPU
	EndGlobalSection
	GlobalSection(ProjectConfigurationPlatforms) = postSolution
		{A519712F-E677-41EA-A981-C014BA41761A}.Debug|Any CPU.ActiveCfg = Debug|Any CPU
		{A519712F-E677-41EA-A981-C014BA41761A}.Debug|Any CPU.Build.0 = Debug|Any CPU
		{A519712F-E677-41EA-A981-C014BA41761A}.Release|Any CPU.ActiveCfg = Release|Any CPU
		{A519712F-E677-41EA-A981-C014BA41761A}.Release|Any CPU.Build.0 = Release|Any CPU
		{DDDAC8DD-B344-4BD6-AE30-FB0C4AC0CB95}.Debug|Any CPU.ActiveCfg = Debug|Any CPU
		{DDDAC8DD-B344-4BD6-AE30-FB0C4AC0CB95}.Debug|Any CPU.Build.0 = Debug|Any CPU
		{DDDAC8DD-B344-4BD6-AE30-FB0C4AC0CB95}.Release|Any CPU.ActiveCfg = Release|Any CPU
		{DDDAC8DD-B344-4BD6-AE30-FB0C4AC0CB95}.Release|Any CPU.Build.0 = Release|Any CPU
		{F9CEC19D-3852-43AB-85CE-C33742CA6718}.Debug|Any CPU.ActiveCfg = Debug|Any CPU
		{F9CEC19D-3852-43AB-85CE-C33742CA6718}.Debug|Any CPU.Build.0 = Debug|Any CPU
		{F9CEC19D-3852-43AB-85CE-C33742CA6718}.Release|Any CPU.ActiveCfg = Release|Any CPU
		{F9CEC19D-3852-43AB-85CE-C33742CA6718}.Release|Any CPU.Build.0 = Release|Any CPU
	EndGlobalSection
EndGlobal
